
Microsoft Visual Studio Solution File, Format Version 12.00
# Visual Studio 15
VisualStudioVersion = 15.0.28010.2016
MinimumVisualStudioVersion = 10.0.40219.1
Project("{8BC9CEB8-8B4A-11D0-8D11-00A0C91BC942}") = "IniProcess", "IniProcess\IniProcess.vcxproj", "{57A934C5-0B72-46EB-A7D9-C31D39238D14}"
EndProject
Global
	GlobalSection(SolutionConfigurationPlatforms) = preSolution
		Debug|x64 = Debug|x64
		Debug|x86 = Debug|x86
		Release|x64 = Release|x64
		Release|x86 = Release|x86
	EndGlobalSection
	GlobalSection(ProjectConfigurationPlatforms) = postSolution
		{57A934C5-0B72-46EB-A7D9-C31D39238D14}.Debug|x64.ActiveCfg = Debug|x64
		{57A934C5-0B72-46EB-A7D9-C31D39238D14}.Debug|x64.Build.0 = Debug|x64
		{57A934C5-0B72-46EB-A7D9-C31D39238D14}.Debug|x86.ActiveCfg = Debug|Win32
		{57A934C5-0B72-46EB-A7D9-C31D39238D14}.Debug|x86.Build.0 = Debug|Win32
		{57A934C5-0B72-46EB-A7D9-C31D39238D14}.Release|x64.ActiveCfg = Release|x64
		{57A934C5-0B72-46EB-A7D9-C31D39238D14}.Release|x64.Build.0 = Release|x64
		{57A934C5-0B72-46EB-A7D9-C31D39238D14}.Release|x86.ActiveCfg = Release|Win32
		{57A934C5-0B72-46EB-A7D9-C31D39238D14}.Release|x86.Build.0 = Release|Win32
	EndGlobalSection
	GlobalSection(SolutionProperties) = preSolution
		HideSolutionNode = FALSE
	EndGlobalSection
	GlobalSection(ExtensibilityGlobals) = postSolution
		SolutionGuid = {0BAAEE7A-0AEB-4C27-B55F-C16B2214F2BD}
	EndGlobalSection
EndGlobal
